
Microsoft Visual Studio Solution File, Format Version 12.00
Project("{FAE04EC0-301F-11D3-BF4B-00C04F79EFBC}") = "FormalLang", "FormalLang\FormalLang.csproj", "{F1001533-DB39-4C2F-9BF2-BEFB8EA23387}"
EndProject
Project("{FAE04EC0-301F-11D3-BF4B-00C04F79EFBC}") = "Deutsch", "Deutsch\Deutsch.csproj", "{D531914A-EFD8-47DB-A5DD-54803F64C78B}"
EndProject
Global
	GlobalSection(SolutionConfigurationPlatforms) = preSolution
		Debug|Any CPU = Debug|Any CPU
		Release|Any CPU = Release|Any CPU
	EndGlobalSection
	GlobalSection(ProjectConfigurationPlatforms) = postSolution
		{F1001533-DB39-4C2F-9BF2-BEFB8EA23387}.Debug|Any CPU.ActiveCfg = Debug|Any CPU
		{F1001533-DB39-4C2F-9BF2-BEFB8EA23387}.Debug|Any CPU.Build.0 = Debug|Any CPU
		{F1001533-DB39-4C2F-9BF2-BEFB8EA23387}.Release|Any CPU.ActiveCfg = Release|Any CPU
		{F1001533-DB39-4C2F-9BF2-BEFB8EA23387}.Release|Any CPU.Build.0 = Release|Any CPU
		{D531914A-EFD8-47DB-A5DD-54803F64C78B}.Debug|Any CPU.ActiveCfg = Debug|Any CPU
		{D531914A-EFD8-47DB-A5DD-54803F64C78B}.Debug|Any CPU.Build.0 = Debug|Any CPU
		{D531914A-EFD8-47DB-A5DD-54803F64C78B}.Release|Any CPU.ActiveCfg = Release|Any CPU
		{D531914A-EFD8-47DB-A5DD-54803F64C78B}.Release|Any CPU.Build.0 = Release|Any CPU
	EndGlobalSection
EndGlobal
